// !$*UTF8*$!
{
	archiveVersion = 1;
	classes = {
	};
	objectVersion = 56;
	objects = {

/* Begin PBXBuildFile section */
		AA284F662936424B00A676C2 /* LoveEnglishBarView.swift in Sources */ = {isa = PBXBuildFile; fileRef = AA284F652936424B00A676C2 /* LoveEnglishBarView.swift */; };
		AA3D99B8293780A000B1CC35 /* UIView+Extension.swift in Sources */ = {isa = PBXBuildFile; fileRef = AA3D99B7293780A000B1CC35 /* UIView+Extension.swift */; };
		AA93C3292934F11D00120046 /* LoveEnglishLiveData.swift in Sources */ = {isa = PBXBuildFile; fileRef = AA93C3282934F11D00120046 /* LoveEnglishLiveData.swift */; };
		AA93C32B2935142300120046 /* UIImage.swift in Sources */ = {isa = PBXBuildFile; fileRef = AA93C32A2935142300120046 /* UIImage.swift */; };
		AAF40F8B29320A550045606F /* AppDelegate.swift in Sources */ = {isa = PBXBuildFile; fileRef = AAF40F8A29320A550045606F /* AppDelegate.swift */; };
		AAF40F8D29320A550045606F /* SceneDelegate.swift in Sources */ = {isa = PBXBuildFile; fileRef = AAF40F8C29320A550045606F /* SceneDelegate.swift */; };
		AAF40F8F29320A550045606F /* ViewController.swift in Sources */ = {isa = PBXBuildFile; fileRef = AAF40F8E29320A550045606F /* ViewController.swift */; };
		AAF40F9229320A550045606F /* Main.storyboard in Resources */ = {isa = PBXBuildFile; fileRef = AAF40F9029320A550045606F /* Main.storyboard */; };
		AAF40F9429320A560045606F /* Assets.xcassets in Resources */ = {isa = PBXBuildFile; fileRef = AAF40F9329320A560045606F /* Assets.xcassets */; };
		AAF40F9729320A560045606F /* LaunchScreen.storyboard in Resources */ = {isa = PBXBuildFile; fileRef = AAF40F9529320A560045606F /* LaunchScreen.storyboard */; };
		AAF40F9F29320BE10045606F /* LoveEnglishCardView.swift in Sources */ = {isa = PBXBuildFile; fileRef = AAF40F9E29320BE10045606F /* LoveEnglishCardView.swift */; };
		AAF40FA329322B3C0045606F /* LoveEnglishWord.swift in Sources */ = {isa = PBXBuildFile; fileRef = AAF40FA229322B3C0045606F /* LoveEnglishWord.swift */; };
/* End PBXBuildFile section */

/* Begin PBXFileReference section */
		AA284F652936424B00A676C2 /* LoveEnglishBarView.swift */ = {isa = PBXFileReference; lastKnownFileType = sourcecode.swift; path = LoveEnglishBarView.swift; sourceTree = "<group>"; };
		AA3D99B7293780A000B1CC35 /* UIView+Extension.swift */ = {isa = PBXFileReference; lastKnownFileType = sourcecode.swift; path = "UIView+Extension.swift"; sourceTree = "<group>"; };
		AA93C3282934F11D00120046 /* LoveEnglishLiveData.swift */ = {isa = PBXFileReference; lastKnownFileType = sourcecode.swift; path = LoveEnglishLiveData.swift; sourceTree = "<group>"; };
		AA93C32A2935142300120046 /* UIImage.swift */ = {isa = PBXFileReference; lastKnownFileType = sourcecode.swift; path = UIImage.swift; sourceTree = "<group>"; };
		AAF40F8729320A550045606F /* iLoveEnglish.app */ = {isa = PBXFileReference; explicitFileType = wrapper.application; includeInIndex = 0; path = iLoveEnglish.app; sourceTree = BUILT_PRODUCTS_DIR; };
		AAF40F8A29320A550045606F /* AppDelegate.swift */ = {isa = PBXFileReference; lastKnownFileType = sourcecode.swift; path = AppDelegate.swift; sourceTree = "<group>"; };
		AAF40F8C29320A550045606F /* SceneDelegate.swift */ = {isa = PBXFileReference; lastKnownFileType = sourcecode.swift; path = SceneDelegate.swift; sourceTree = "<group>"; };
		AAF40F8E29320A550045606F /* ViewController.swift */ = {isa = PBXFileReference; lastKnownFileType = sourcecode.swift; path = ViewController.swift; sourceTree = "<group>"; };
		AAF40F9129320A550045606F /* Base */ = {isa = PBXFileReference; lastKnownFileType = file.storyboard; name = Base; path = Base.lproj/Main.storyboard; sourceTree = "<group>"; };
		AAF40F9329320A560045606F /* Assets.xcassets */ = {isa = PBXFileReference; lastKnownFileType = folder.assetcatalog; path = Assets.xcassets; sourceTree = "<group>"; };
		AAF40F9629320A560045606F /* Base */ = {isa = PBXFileReference; lastKnownFileType = file.storyboard; name = Base; path = Base.lproj/LaunchScreen.storyboard; sourceTree = "<group>"; };
		AAF40F9829320A560045606F /* Info.plist */ = {isa = PBXFileReference; lastKnownFileType = text.plist.xml; path = Info.plist; sourceTree = "<group>"; };
		AAF40F9E29320BE10045606F /* LoveEnglishCardView.swift */ = {isa = PBXFileReference; lastKnownFileType = sourcecode.swift; path = LoveEnglishCardView.swift; sourceTree = "<group>"; };
		AAF40FA229322B3C0045606F /* LoveEnglishWord.swift */ = {isa = PBXFileReference; lastKnownFileType = sourcecode.swift; path = LoveEnglishWord.swift; sourceTree = "<group>"; };
/* End PBXFileReference section */

/* Begin PBXFrameworksBuildPhase section */
		AAF40F8429320A550045606F /* Frameworks */ = {
			isa = PBXFrameworksBuildPhase;
			buildActionMask = 2147483647;
			files = (
			);
			runOnlyForDeploymentPostprocessing = 0;
		};
/* End PBXFrameworksBuildPhase section */

/* Begin PBXGroup section */
		AAF40F7E29320A540045606F = {
			isa = PBXGroup;
			children = (
				AAF40F8929320A550045606F /* iLoveEnglish */,
				AAF40F8829320A550045606F /* Products */,
			);
			sourceTree = "<group>";
		};
		AAF40F8829320A550045606F /* Products */ = {
			isa = PBXGroup;
			children = (
				AAF40F8729320A550045606F /* iLoveEnglish.app */,
			);
			name = Products;
			sourceTree = "<group>";
		};
		AAF40F8929320A550045606F /* iLoveEnglish */ = {
			isa = PBXGroup;
			children = (
				AAF40F8A29320A550045606F /* AppDelegate.swift */,
				AAF40F8C29320A550045606F /* SceneDelegate.swift */,
				AAF40F8E29320A550045606F /* ViewController.swift */,
				AAF40F9029320A550045606F /* Main.storyboard */,
				AAF40F9329320A560045606F /* Assets.xcassets */,
				AAF40F9529320A560045606F /* LaunchScreen.storyboard */,
				AAF40F9829320A560045606F /* Info.plist */,
				AAF40F9E29320BE10045606F /* LoveEnglishCardView.swift */,
				AA284F652936424B00A676C2 /* LoveEnglishBarView.swift */,
				AAF40FA229322B3C0045606F /* LoveEnglishWord.swift */,
				AA93C3282934F11D00120046 /* LoveEnglishLiveData.swift */,
				AA93C32A2935142300120046 /* UIImage.swift */,
				AA3D99B7293780A000B1CC35 /* UIView+Extension.swift */,
			);
			path = iLoveEnglish;
			sourceTree = "<group>";
		};
/* End PBXGroup section */

/* Begin PBXNativeTarget section */
		AAF40F8629320A550045606F /* iLoveEnglish */ = {
			isa = PBXNativeTarget;
			buildConfigurationList = AAF40F9B29320A560045606F /* Build configuration list for PBXNativeTarget "iLoveEnglish" */;
			buildPhases = (
				AAF40F8329320A550045606F /* Sources */,
				AAF40F8429320A550045606F /* Frameworks */,
				AAF40F8529320A550045606F /* Resources */,
			);
			buildRules = (
			);
			dependencies = (
			);
			name = iLoveEnglish;
			productName = iLoveEnglish;
			productReference = AAF40F8729320A550045606F /* iLoveEnglish.app */;
			productType = "com.apple.product-type.application";
		};
/* End PBXNativeTarget section */

/* Begin PBXProject section */
		AAF40F7F29320A540045606F /* Project object */ = {
			isa = PBXProject;
			attributes = {
				BuildIndependentTargetsInParallel = 1;
				LastSwiftUpdateCheck = 1410;
				LastUpgradeCheck = 1410;
				TargetAttributes = {
					AAF40F8629320A550045606F = {
						CreatedOnToolsVersion = 14.1;
					};
				};
			};
			buildConfigurationList = AAF40F8229320A540045606F /* Build configuration list for PBXProject "iLoveEnglish" */;
			compatibilityVersion = "Xcode 14.0";
			developmentRegion = en;
			hasScannedForEncodings = 0;
			knownRegions = (
				en,
				Base,
			);
			mainGroup = AAF40F7E29320A540045606F;
			productRefGroup = AAF40F8829320A550045606F /* Products */;
			projectDirPath = "";
			projectRoot = "";
			targets = (
				AAF40F8629320A550045606F /* iLoveEnglish */,
			);
		};
/* End PBXProject section */

/* Begin PBXResourcesBuildPhase section */
		AAF40F8529320A550045606F /* Resources */ = {
			isa = PBXResourcesBuildPhase;
			buildActionMask = 2147483647;
			files = (
				AAF40F9729320A560045606F /* LaunchScreen.storyboard in Resources */,
				AAF40F9429320A560045606F /* Assets.xcassets in Resources */,
				AAF40F9229320A550045606F /* Main.storyboard in Resources */,
			);
			runOnlyForDeploymentPostprocessing = 0;
		};
/* End PBXResourcesBuildPhase section */

/* Begin PBXSourcesBuildPhase section */
		AAF40F8329320A550045606F /* Sources */ = {
			isa = PBXSourcesBuildPhase;
			buildActionMask = 2147483647;
			files = (
				AA3D99B8293780A000B1CC35 /* UIView+Extension.swift in Sources */,
				AAF40F8F29320A550045606F /* ViewController.swift in Sources */,
				AAF40F8B29320A550045606F /* AppDelegate.swift in Sources */,
				AAF40F9F29320BE10045606F /* LoveEnglishCardView.swift in Sources */,
				AA284F662936424B00A676C2 /* LoveEnglishBarView.swift in Sources */,
				AAF40FA329322B3C0045606F /* LoveEnglishWord.swift in Sources */,
				AAF40F8D29320A550045606F /* SceneDelegate.swift in Sources */,
				AA93C3292934F11D00120046 /* LoveEnglishLiveData.swift in Sources */,
				AA93C32B2935142300120046 /* UIImage.swift in Sources */,
			);
			runOnlyForDeploymentPostprocessing = 0;
		};
/* End PBXSourcesBuildPhase section */

/* Begin PBXVariantGroup section */
		AAF40F9029320A550045606F /* Main.storyboard */ = {
			isa = PBXVariantGroup;
			children = (
				AAF40F9129320A550045606F /* Base */,
			);
			name = Main.storyboard;
			sourceTree = "<group>";
		};
		AAF40F9529320A560045606F /* LaunchScreen.storyboard */ = {
			isa = PBXVariantGroup;
			children = (
				AAF40F9629320A560045606F /* Base */,
			);
			name = LaunchScreen.storyboard;
			sourceTree = "<group>";
		};
/* End PBXVariantGroup section */

/* Begin XCBuildConfiguration section */
		AAF40F9929320A560045606F /* Debug */ = {
			isa = XCBuildConfiguration;
			buildSettings = {
				ALWAYS_SEARCH_USER_PATHS = NO;
				CLANG_ANALYZER_NONNULL = YES;
				CLANG_ANALYZER_NUMBER_OBJECT_CONVERSION = YES_AGGRESSIVE;
				CLANG_CXX_LANGUAGE_STANDARD = "gnu++20";
				CLANG_ENABLE_MODULES = YES;
				CLANG_ENABLE_OBJC_ARC = YES;
				CLANG_ENABLE_OBJC_WEAK = YES;
				CLANG_WARN_BLOCK_CAPTURE_AUTORELEASING = YES;
				CLANG_WARN_BOOL_CONVERSION = YES;
				CLANG_WARN_COMMA = YES;
				CLANG_WARN_CONSTANT_CONVERSION = YES;
				CLANG_WARN_DEPRECATED_OBJC_IMPLEMENTATIONS = YES;
				CLANG_WARN_DIRECT_OBJC_ISA_USAGE = YES_ERROR;
				CLANG_WARN_DOCUMENTATION_COMMENTS = YES;
				CLANG_WARN_EMPTY_BODY = YES;
				CLANG_WARN_ENUM_CONVERSION = YES;
				CLANG_WARN_INFINITE_RECURSION = YES;
				CLANG_WARN_INT_CONVERSION = YES;
				CLANG_WARN_NON_LITERAL_NULL_CONVERSION = YES;
				CLANG_WARN_OBJC_IMPLICIT_RETAIN_SELF = YES;
				CLANG_WARN_OBJC_LITERAL_CONVERSION = YES;
				CLANG_WARN_OBJC_ROOT_CLASS = YES_ERROR;
				CLANG_WARN_QUOTED_INCLUDE_IN_FRAMEWORK_HEADER = YES;
				CLANG_WARN_RANGE_LOOP_ANALYSIS = YES;
				CLANG_WARN_STRICT_PROTOTYPES = YES;
				CLANG_WARN_SUSPICIOUS_MOVE = YES;
				CLANG_WARN_UNGUARDED_AVAILABILITY = YES_AGGRESSIVE;
				CLANG_WARN_UNREACHABLE_CODE = YES;
				CLANG_WARN__DUPLICATE_METHOD_MATCH = YES;
				COPY_PHASE_STRIP = NO;
				DEBUG_INFORMATION_FORMAT = dwarf;
				ENABLE_STRICT_OBJC_MSGSEND = YES;
				ENABLE_TESTABILITY = YES;
				GCC_C_LANGUAGE_STANDARD = gnu11;
				GCC_DYNAMIC_NO_PIC = NO;
				GCC_NO_COMMON_BLOCKS = YES;
				GCC_OPTIMIZATION_LEVEL = 0;
				GCC_PREPROCESSOR_DEFINITIONS = (
					"DEBUG=1",
					"$(inherited)",
				);
				GCC_WARN_64_TO_32_BIT_CONVERSION = YES;
				GCC_WARN_ABOUT_RETURN_TYPE = YES_ERROR;
				GCC_WARN_UNDECLARED_SELECTOR = YES;
				GCC_WARN_UNINITIALIZED_AUTOS = YES_AGGRESSIVE;
				GCC_WARN_UNUSED_FUNCTION = YES;
				GCC_WARN_UNUSED_VARIABLE = YES;
				IPHONEOS_DEPLOYMENT_TARGET = 16.1;
				MTL_ENABLE_DEBUG_INFO = INCLUDE_SOURCE;
				MTL_FAST_MATH = YES;
				ONLY_ACTIVE_ARCH = YES;
				SDKROOT = iphoneos;
				SWIFT_ACTIVE_COMPILATION_CONDITIONS = DEBUG;
				SWIFT_OPTIMIZATION_LEVEL = "-Onone";
			};
			name = Debug;
		};
		AAF40F9A29320A560045606F /* Release */ = {
			isa = XCBuildConfiguration;
			buildSettings = {
				ALWAYS_SEARCH_USER_PATHS = NO;
				CLANG_ANALYZER_NONNULL = YES;
				CLANG_ANALYZER_NUMBER_OBJECT_CONVERSION = YES_AGGRESSIVE;
				CLANG_CXX_LANGUAGE_STANDARD = "gnu++20";
				CLANG_ENABLE_MODULES = YES;
				CLANG_ENABLE_OBJC_ARC = YES;
				CLANG_ENABLE_OBJC_WEAK = YES;
				CLANG_WARN_BLOCK_CAPTURE_AUTORELEASING = YES;
				CLANG_WARN_BOOL_CONVERSION = YES;
				CLANG_WARN_COMMA = YES;
				CLANG_WARN_CONSTANT_CONVERSION = YES;
				CLANG_WARN_DEPRECATED_OBJC_IMPLEMENTATIONS = YES;
				CLANG_WARN_DIRECT_OBJC_ISA_USAGE = YES_ERROR;
				CLANG_WARN_DOCUMENTATION_COMMENTS = YES;
				CLANG_WARN_EMPTY_BODY = YES;
				CLANG_WARN_ENUM_CONVERSION = YES;
				CLANG_WARN_INFINITE_RECURSION = YES;
				CLANG_WARN_INT_CONVERSION = YES;
				CLANG_WARN_NON_LITERAL_NULL_CONVERSION = YES;
				CLANG_WARN_OBJC_IMPLICIT_RETAIN_SELF = YES;
				CLANG_WARN_OBJC_LITERAL_CONVERSION = YES;
				CLANG_WARN_OBJC_ROOT_CLASS = YES_ERROR;
				CLANG_WARN_QUOTED_INCLUDE_IN_FRAMEWORK_HEADER = YES;
				CLANG_WARN_RANGE_LOOP_ANALYSIS = YES;
				CLANG_WARN_STRICT_PROTOTYPES = YES;
				CLANG_WARN_SUSPICIOUS_MOVE = YES;
				CLANG_WARN_UNGUARDED_AVAILABILITY = YES_AGGRESSIVE;
				CLANG_WARN_UNREACHABLE_CODE = YES;
				CLANG_WARN__DUPLICATE_METHOD_MATCH = YES;
				COPY_PHASE_STRIP = NO;
				DEBUG_INFORMATION_FORMAT = "dwarf-with-dsym";
				ENABLE_NS_ASSERTIONS = NO;
				ENABLE_STRICT_OBJC_MSGSEND = YES;
				GCC_C_LANGUAGE_STANDARD = gnu11;
				GCC_NO_COMMON_BLOCKS = YES;
				GCC_WARN_64_TO_32_BIT_CONVERSION = YES;
				GCC_WARN_ABOUT_RETURN_TYPE = YES_ERROR;
				GCC_WARN_UNDECLARED_SELECTOR = YES;
				GCC_WARN_UNINITIALIZED_AUTOS = YES_AGGRESSIVE;
				GCC_WARN_UNUSED_FUNCTION = YES;
				GCC_WARN_UNUSED_VARIABLE = YES;
				IPHONEOS_DEPLOYMENT_TARGET = 16.1;
				MTL_ENABLE_DEBUG_INFO = NO;
				MTL_FAST_MATH = YES;
				SDKROOT = iphoneos;
				SWIFT_COMPILATION_MODE = wholemodule;
				SWIFT_OPTIMIZATION_LEVEL = "-O";
				VALIDATE_PRODUCT = YES;
			};
			name = Release;
		};
		AAF40F9C29320A560045606F /* Debug */ = {
			isa = XCBuildConfiguration;
			buildSettings = {
				ASSETCATALOG_COMPILER_APPICON_NAME = AppIcon;
				ASSETCATALOG_COMPILER_GLOBAL_ACCENT_COLOR_NAME = AccentColor;
				CODE_SIGN_STYLE = Automatic;
				CURRENT_PROJECT_VERSION = 1;
				DEVELOPMENT_TEAM = JGBAS79AJ4;
				GENERATE_INFOPLIST_FILE = YES;
				INFOPLIST_FILE = iLoveEnglish/Info.plist;
				INFOPLIST_KEY_UIApplicationSupportsIndirectInputEvents = YES;
				INFOPLIST_KEY_UILaunchStoryboardName = LaunchScreen;
				INFOPLIST_KEY_UIMainStoryboardFile = Main;
				INFOPLIST_KEY_UISupportedInterfaceOrientations_iPad = "UIInterfaceOrientationPortrait UIInterfaceOrientationPortraitUpsideDown UIInterfaceOrientationLandscapeLeft UIInterfaceOrientationLandscapeRight";
				INFOPLIST_KEY_UISupportedInterfaceOrientations_iPhone = "UIInterfaceOrientationPortrait UIInterfaceOrientationLandscapeLeft UIInterfaceOrientationLandscapeRight";
				IPHONEOS_DEPLOYMENT_TARGET = 16.0;
				LD_RUNPATH_SEARCH_PATHS = (
					"$(inherited)",
					"@executable_path/Frameworks",
				);
				MARKETING_VERSION = 1.0;
				PRODUCT_BUNDLE_IDENTIFIER = com.playplay.iLoveEnglish;
				PRODUCT_NAME = "$(TARGET_NAME)";
				SWIFT_EMIT_LOC_STRINGS = YES;
				SWIFT_VERSION = 5.0;
				TARGETED_DEVICE_FAMILY = "1,2";
			};
			name = Debug;
		};
		AAF40F9D29320A560045606F /* Release */ = {
			isa = XCBuildConfiguration;
			buildSettings = {
				ASSETCATALOG_COMPILER_APPICON_NAME = AppIcon;
				ASSETCATALOG_COMPILER_GLOBAL_ACCENT_COLOR_NAME = AccentColor;
				CODE_SIGN_STYLE = Automatic;
				CURRENT_PROJECT_VERSION = 1;
				DEVELOPMENT_TEAM = JGBAS79AJ4;
				GENERATE_INFOPLIST_FILE = YES;
				INFOPLIST_FILE = iLoveEnglish/Info.plist;
				INFOPLIST_KEY_UIApplicationSupportsIndirectInputEvents = YES;
				INFOPLIST_KEY_UILaunchStoryboardName = LaunchScreen;
				INFOPLIST_KEY_UIMainStoryboardFile = Main;
				INFOPLIST_KEY_UISupportedInterfaceOrientations_iPad = "UIInterfaceOrientationPortrait UIInterfaceOrientationPortraitUpsideDown UIInterfaceOrientationLandscapeLeft UIInterfaceOrientationLandscapeRight";
				INFOPLIST_KEY_UISupportedInterfaceOrientations_iPhone = "UIInterfaceOrientationPortrait UIInterfaceOrientationLandscapeLeft UIInterfaceOrientationLandscapeRight";
				IPHONEOS_DEPLOYMENT_TARGET = 16.0;
				LD_RUNPATH_SEARCH_PATHS = (
					"$(inherited)",
					"@executable_path/Frameworks",
				);
				MARKETING_VERSION = 1.0;
				PRODUCT_BUNDLE_IDENTIFIER = com.playplay.iLoveEnglish;
				PRODUCT_NAME = "$(TARGET_NAME)";
				SWIFT_EMIT_LOC_STRINGS = YES;
				SWIFT_VERSION = 5.0;
				TARGETED_DEVICE_FAMILY = "1,2";
			};
			name = Release;
		};
/* End XCBuildConfiguration section */

/* Begin XCConfigurationList section */
		AAF40F8229320A540045606F /* Build configuration list for PBXProject "iLoveEnglish" */ = {
			isa = XCConfigurationList;
			buildConfigurations = (
				AAF40F9929320A560045606F /* Debug */,
				AAF40F9A29320A560045606F /* Release */,
			);
			defaultConfigurationIsVisible = 0;
			defaultConfigurationName = Release;
		};
		AAF40F9B29320A560045606F /* Build configuration list for PBXNativeTarget "iLoveEnglish" */ = {
			isa = XCConfigurationList;
			buildConfigurations = (
				AAF40F9C29320A560045606F /* Debug */,
				AAF40F9D29320A560045606F /* Release */,
			);
			defaultConfigurationIsVisible = 0;
			defaultConfigurationName = Release;
		};
/* End XCConfigurationList section */
	};
	rootObject = AAF40F7F29320A540045606F /* Project object */;
}
